<?xml version="1.0" encoding="utf-8"?>
<Project ToolsVersion="4.0" xmlns="http://schemas.microsoft.com/developer/msbuild/2003">
  <ItemGroup>
    <Filter Include="소스 파일">
      <UniqueIdentifier>{4FC737F1-C7A5-4376-A066-2A32D752A2FF}</UniqueIdentifier>
      <Extensions>cpp;c;cc;cxx;c++;cppm;ixx;def;odl;idl;hpj;bat;asm;asmx</Extensions>
    </Filter>
    <Filter Include="헤더 파일">
      <UniqueIdentifier>{93995380-89BD-4b04-88EB-625FBE52EBFB}</UniqueIdentifier>
      <Extensions>h;hh;hpp;hxx;h++;hm;inl;inc;ipp;xsd</Extensions>
    </Filter>
    <Filter Include="리소스 파일">
      <UniqueIdentifier>{67DA6AB6-F800-4c08-8B7A-83BB121AAD01}</UniqueIdentifier>
      <Extensions>rc;ico;cur;bmp;dlg;rc2;rct;bin;rgs;gif;jpg;jpeg;jpe;resx;tiff;tif;png;wav;mfcribbon-ms</Extensions>
    </Filter>
    <Filter Include="소스 파일\2_Phonebook">
      <UniqueIdentifier>{cddd531c-6e44-4bb6-be4a-0702a93529ad}</UniqueIdentifier>
    </Filter>
    <Filter Include="소스 파일\1_문자열 예제">
      <UniqueIdentifier>{a4209460-8617-40d7-a16b-49a40a369165}</UniqueIdentifier>
    </Filter>
  </ItemGroup>
  <ItemGroup>
    <ClCompile Include="연습1.cpp">
      <Filter>소스 파일\1_문자열 예제</Filter>
    </ClCompile>
    <ClCompile Include="연습2.cpp">
      <Filter>소스 파일\1_문자열 예제</Filter>
    </ClCompile>
    <ClCompile Include="Phonebook01.cpp">
      <Filter>소스 파일\2_Phonebook</Filter>
    </ClCompile>
    <ClCompile Include="Phonebook02.cpp">
      <Filter>소스 파일\2_Phonebook</Filter>
    </ClCompile>
    <ClCompile Include="Phonebook03.cpp">
      <Filter>소스 파일\2_Phonebook</Filter>
    </ClCompile>
    <ClCompile Include="Phonebook03(하은).cpp">
      <Filter>소스 파일\2_Phonebook</Filter>
    </ClCompile>
    <ClCompile Include="Phonebook03(승제).cpp">
      <Filter>소스 파일\2_Phonebook</Filter>
    </ClCompile>
    <ClCompile Include="Phonebook03(지안).cpp">
      <Filter>소스 파일\2_Phonebook</Filter>
    </ClCompile>
    <ClCompile Include="Phonebook03(민주).cpp">
      <Filter>소스 파일\2_Phonebook</Filter>
    </ClCompile>
    <ClCompile Include="Phonebook03(새진).cpp">
      <Filter>소스 파일\2_Phonebook</Filter>
    </ClCompile>
    <ClCompile Include="Phonebook04.cpp">
      <Filter>소스 파일\2_Phonebook</Filter>
    </ClCompile>
    <ClCompile Include="Phonebook04(새진).cpp">
      <Filter>소스 파일\2_Phonebook</Filter>
    </ClCompile>
    <ClCompile Include="Phonebook04(승제).cpp">
      <Filter>소스 파일\2_Phonebook</Filter>
    </ClCompile>
    <ClCompile Include="Phonebook04(지안).cpp">
      <Filter>소스 파일\2_Phonebook</Filter>
    </ClCompile>
  </ItemGroup>
</Project>